
Microsoft Visual Studio Solution File, Format Version 12.00
# Visual Studio 2012
Project("{8BC9CEB8-8B4A-11D0-8D11-00A0C91BC942}") = "Wifibot_test", "Wifibot_test\Wifibot_test.vcxproj", "{A5458CA7-D974-4D82-A184-6C9CBA0C3D4C}"
EndProject
Global
	GlobalSection(SolutionConfigurationPlatforms) = preSolution
		Debug|Win32 = Debug|Win32
		Release|Win32 = Release|Win32
	EndGlobalSection
	GlobalSection(ProjectConfigurationPlatforms) = postSolution
		{A5458CA7-D974-4D82-A184-6C9CBA0C3D4C}.Debug|Win32.ActiveCfg = Debug|Win32
		{A5458CA7-D974-4D82-A184-6C9CBA0C3D4C}.Debug|Win32.Build.0 = Debug|Win32
		{A5458CA7-D974-4D82-A184-6C9CBA0C3D4C}.Release|Win32.ActiveCfg = Release|Win32
		{A5458CA7-D974-4D82-A184-6C9CBA0C3D4C}.Release|Win32.Build.0 = Release|Win32
	EndGlobalSection
	GlobalSection(SolutionProperties) = preSolution
		HideSolutionNode = FALSE
	EndGlobalSection
EndGlobal
